PODS:
  - Flutter (1.0.0)
  - flutter_baidu (0.0.1):
    - Flutter

DEPENDENCIES:
  - Flutter (from `Flutter`)
  - flutter_baidu (from `.symlinks/plugins/flutter_baidu/ios`)

EXTERNAL SOURCES:
  Flutter:
    :path: Flutter
  flutter_baidu:
    :path: ".symlinks/plugins/flutter_baidu/ios"

SPEC CHECKSUMS:
  Flutter: 0e3d915762c693b495b44d77113d4970485de6ec
  flutter_baidu: bb0c94bc908cd6a2b590658bb602ee62751296e1

PODFILE CHECKSUM: aafe91acc616949ddb318b77800a7f51bffa2a4c

COCOAPODS: 1.9.3
